
Microsoft Visual Studio Solution File, Format Version 12.00
# Visual Studio Version 16
VisualStudioVersion = 16.0.31313.79
MinimumVisualStudioVersion = 10.0.40219.1
Project("{FAE04EC0-301F-11D3-BF4B-00C04F79EFBC}") = "AlgorytmBandB", "AlgorytmBandB.csproj", "{901DD15D-0705-435D-A793-D54A4EB7BF99}"
EndProject
Global
	GlobalSection(SolutionConfigurationPlatforms) = preSolution
		Debug|Any CPU = Debug|Any CPU
		Release|Any CPU = Release|Any CPU
	EndGlobalSection
	GlobalSection(ProjectConfigurationPlatforms) = postSolution
		{901DD15D-0705-435D-A793-D54A4EB7BF99}.Debug|Any CPU.ActiveCfg = Debug|Any CPU
		{901DD15D-0705-435D-A793-D54A4EB7BF99}.Debug|Any CPU.Build.0 = Debug|Any CPU
		{901DD15D-0705-435D-A793-D54A4EB7BF99}.Release|Any CPU.ActiveCfg = Release|Any CPU
		{901DD15D-0705-435D-A793-D54A4EB7BF99}.Release|Any CPU.Build.0 = Release|Any CPU
	EndGlobalSection
	GlobalSection(SolutionProperties) = preSolution
		HideSolutionNode = FALSE
	EndGlobalSection
	GlobalSection(ExtensibilityGlobals) = postSolution
		SolutionGuid = {AD4DAC7C-ACDB-463F-B252-F7A1327ABC30}
	EndGlobalSection
EndGlobal
